
Microsoft Visual Studio Solution File, Format Version 12.00
# Visual Studio Version 16
VisualStudioVersion = 16.0.31624.102
MinimumVisualStudioVersion = 10.0.40219.1
Project("{FAE04EC0-301F-11D3-BF4B-00C04F79EFBC}") = "Exercise3", "Exercise3\Exercise3.csproj", "{EC13DE00-30AE-4EA0-BC13-64088696F7C4}"
EndProject
Global
	GlobalSection(SolutionConfigurationPlatforms) = preSolution
		Debug|Any CPU = Debug|Any CPU
		Release|Any CPU = Release|Any CPU
	EndGlobalSection
	GlobalSection(ProjectConfigurationPlatforms) = postSolution
		{EC13DE00-30AE-4EA0-BC13-64088696F7C4}.Debug|Any CPU.ActiveCfg = Debug|Any CPU
		{EC13DE00-30AE-4EA0-BC13-64088696F7C4}.Debug|Any CPU.Build.0 = Debug|Any CPU
		{EC13DE00-30AE-4EA0-BC13-64088696F7C4}.Release|Any CPU.ActiveCfg = Release|Any CPU
		{EC13DE00-30AE-4EA0-BC13-64088696F7C4}.Release|Any CPU.Build.0 = Release|Any CPU
	EndGlobalSection
	GlobalSection(SolutionProperties) = preSolution
		HideSolutionNode = FALSE
	EndGlobalSection
	GlobalSection(ExtensibilityGlobals) = postSolution
		SolutionGuid = {9D20C64C-7E3E-4B3A-A667-92E47DB7B0D4}
	EndGlobalSection
EndGlobal
